
Microsoft Visual Studio Solution File, Format Version 12.00
# Visual Studio Version 17
VisualStudioVersion = 17.5.33414.496
MinimumVisualStudioVersion = 10.0.40219.1
Project("{FAE04EC0-301F-11D3-BF4B-00C04F79EFBC}") = "tickium", "tickium\tickium.csproj", "{78521642-5E6B-4306-86F5-F75CA7149CFC}"
EndProject
Global
	GlobalSection(SolutionConfigurationPlatforms) = preSolution
		Debug|Any CPU = Debug|Any CPU
		Release|Any CPU = Release|Any CPU
	EndGlobalSection
	GlobalSection(ProjectConfigurationPlatforms) = postSolution
		{78521642-5E6B-4306-86F5-F75CA7149CFC}.Debug|Any CPU.ActiveCfg = Debug|Any CPU
		{78521642-5E6B-4306-86F5-F75CA7149CFC}.Debug|Any CPU.Build.0 = Debug|Any CPU
		{78521642-5E6B-4306-86F5-F75CA7149CFC}.Release|Any CPU.ActiveCfg = Release|Any CPU
		{78521642-5E6B-4306-86F5-F75CA7149CFC}.Release|Any CPU.Build.0 = Release|Any CPU
	EndGlobalSection
	GlobalSection(SolutionProperties) = preSolution
		HideSolutionNode = FALSE
	EndGlobalSection
	GlobalSection(ExtensibilityGlobals) = postSolution
		SolutionGuid = {E4830444-305B-4199-B809-99CF800F999F}
	EndGlobalSection
EndGlobal
